
Microsoft Visual Studio Solution File, Format Version 12.00
# Visual Studio Version 17
VisualStudioVersion = 17.5.2.0
MinimumVisualStudioVersion = 10.0.40219.1
Project("{FAE04EC0-301F-11D3-BF4B-00C04F79EFBC}") = "Génériques_exercices", "Génériques_exercices.csproj", "{2DFFF58F-F578-8D8C-4DCC-5046258652AC}"
EndProject
Global
	GlobalSection(SolutionConfigurationPlatforms) = preSolution
		Debug|Any CPU = Debug|Any CPU
		Release|Any CPU = Release|Any CPU
	EndGlobalSection
	GlobalSection(ProjectConfigurationPlatforms) = postSolution
		{2DFFF58F-F578-8D8C-4DCC-5046258652AC}.Debug|Any CPU.ActiveCfg = Debug|Any CPU
		{2DFFF58F-F578-8D8C-4DCC-5046258652AC}.Debug|Any CPU.Build.0 = Debug|Any CPU
		{2DFFF58F-F578-8D8C-4DCC-5046258652AC}.Release|Any CPU.ActiveCfg = Release|Any CPU
		{2DFFF58F-F578-8D8C-4DCC-5046258652AC}.Release|Any CPU.Build.0 = Release|Any CPU
	EndGlobalSection
	GlobalSection(SolutionProperties) = preSolution
		HideSolutionNode = FALSE
	EndGlobalSection
	GlobalSection(ExtensibilityGlobals) = postSolution
		SolutionGuid = {D7331977-C13C-4375-A48F-CCB5239D6E21}
	EndGlobalSection
EndGlobal
